
Microsoft Visual Studio Solution File, Format Version 12.00
# Visual Studio Version 17
VisualStudioVersion = 17.0.31903.59
MinimumVisualStudioVersion = 10.0.40219.1
Project("{9A19103F-16F7-4668-BE54-9A1E7A4F7556}") = "App", "src\App\App.csproj", "{93B09C4E-22FE-4732-8713-74C6DC5F5D49}"
EndProject
Project("{9A19103F-16F7-4668-BE54-9A1E7A4F7556}") = "Core", "src\Core\Core.csproj", "{A005289B-0A36-45F2-93D6-DCCD4F87FC9F}"
EndProject
Project("{2150E333-8FDC-42A3-9474-1A3956D46DE8}") = "Plugins", "Plugins", "{6641D94B-64C3-4027-9B94-E05B510C30BF}"
EndProject
Project("{9A19103F-16F7-4668-BE54-9A1E7A4F7556}") = "Plugin.French.Hello", "src\Plugins\Plugin.French.Hello\Plugin.French.Hello.csproj", "{C4928220-C025-4D52-8898-44A9FA5E9107}"
EndProject
Project("{9A19103F-16F7-4668-BE54-9A1E7A4F7556}") = "Plugin.English.Hello", "src\Plugins\Plugin.English.Hello\Plugin.English.Hello.csproj", "{003D1206-EC8C-4F82-8493-6F5A623B7312}"
EndProject
Project("{2150E333-8FDC-42A3-9474-1A3956D46DE8}") = "Solution Items", "Solution Items", "{31004861-5849-48E1-ADB0-A09A9B681B97}"
	ProjectSection(SolutionItems) = preProject
		README.md = README.md
	EndProjectSection
EndProject
Global
	GlobalSection(SolutionConfigurationPlatforms) = preSolution
		Debug|Any CPU = Debug|Any CPU
		Release|Any CPU = Release|Any CPU
	EndGlobalSection
	GlobalSection(ProjectConfigurationPlatforms) = postSolution
		{93B09C4E-22FE-4732-8713-74C6DC5F5D49}.Debug|Any CPU.ActiveCfg = Debug|Any CPU
		{93B09C4E-22FE-4732-8713-74C6DC5F5D49}.Debug|Any CPU.Build.0 = Debug|Any CPU
		{93B09C4E-22FE-4732-8713-74C6DC5F5D49}.Release|Any CPU.ActiveCfg = Release|Any CPU
		{93B09C4E-22FE-4732-8713-74C6DC5F5D49}.Release|Any CPU.Build.0 = Release|Any CPU
		{A005289B-0A36-45F2-93D6-DCCD4F87FC9F}.Debug|Any CPU.ActiveCfg = Debug|Any CPU
		{A005289B-0A36-45F2-93D6-DCCD4F87FC9F}.Debug|Any CPU.Build.0 = Debug|Any CPU
		{A005289B-0A36-45F2-93D6-DCCD4F87FC9F}.Release|Any CPU.ActiveCfg = Release|Any CPU
		{A005289B-0A36-45F2-93D6-DCCD4F87FC9F}.Release|Any CPU.Build.0 = Release|Any CPU
		{C4928220-C025-4D52-8898-44A9FA5E9107}.Debug|Any CPU.ActiveCfg = Debug|Any CPU
		{C4928220-C025-4D52-8898-44A9FA5E9107}.Debug|Any CPU.Build.0 = Debug|Any CPU
		{C4928220-C025-4D52-8898-44A9FA5E9107}.Release|Any CPU.ActiveCfg = Release|Any CPU
		{C4928220-C025-4D52-8898-44A9FA5E9107}.Release|Any CPU.Build.0 = Release|Any CPU
		{003D1206-EC8C-4F82-8493-6F5A623B7312}.Debug|Any CPU.ActiveCfg = Debug|Any CPU
		{003D1206-EC8C-4F82-8493-6F5A623B7312}.Debug|Any CPU.Build.0 = Debug|Any CPU
		{003D1206-EC8C-4F82-8493-6F5A623B7312}.Release|Any CPU.ActiveCfg = Release|Any CPU
		{003D1206-EC8C-4F82-8493-6F5A623B7312}.Release|Any CPU.Build.0 = Release|Any CPU
	EndGlobalSection
	GlobalSection(SolutionProperties) = preSolution
		HideSolutionNode = FALSE
	EndGlobalSection
	GlobalSection(NestedProjects) = preSolution
		{C4928220-C025-4D52-8898-44A9FA5E9107} = {6641D94B-64C3-4027-9B94-E05B510C30BF}
		{003D1206-EC8C-4F82-8493-6F5A623B7312} = {6641D94B-64C3-4027-9B94-E05B510C30BF}
	EndGlobalSection
EndGlobal
